
Microsoft Visual Studio Solution File, Format Version 12.00
# Visual Studio Version 16
VisualStudioVersion = 16.0.31515.178
MinimumVisualStudioVersion = 10.0.40219.1
Project("{FAE04EC0-301F-11D3-BF4B-00C04F79EFBC}") = "Hospital", "Hospital\Hospital.csproj", "{A83A873E-6D6E-461E-924E-8AE3E968C1AF}"
EndProject
Global
	GlobalSection(SolutionConfigurationPlatforms) = preSolution
		Debug|Any CPU = Debug|Any CPU
		Release|Any CPU = Release|Any CPU
	EndGlobalSection
	GlobalSection(ProjectConfigurationPlatforms) = postSolution
		{A83A873E-6D6E-461E-924E-8AE3E968C1AF}.Debug|Any CPU.ActiveCfg = Debug|Any CPU
		{A83A873E-6D6E-461E-924E-8AE3E968C1AF}.Debug|Any CPU.Build.0 = Debug|Any CPU
		{A83A873E-6D6E-461E-924E-8AE3E968C1AF}.Release|Any CPU.ActiveCfg = Release|Any CPU
		{A83A873E-6D6E-461E-924E-8AE3E968C1AF}.Release|Any CPU.Build.0 = Release|Any CPU
	EndGlobalSection
	GlobalSection(SolutionProperties) = preSolution
		HideSolutionNode = FALSE
	EndGlobalSection
	GlobalSection(ExtensibilityGlobals) = postSolution
		SolutionGuid = {12079388-DE64-41D7-86F3-4E0D4E8CD321}
	EndGlobalSection
EndGlobal
